
Microsoft Visual Studio Solution File, Format Version 12.00
# Visual Studio Version 16
VisualStudioVersion = 16.0.30002.166
MinimumVisualStudioVersion = 10.0.40219.1
Project("{FAE04EC0-301F-11D3-BF4B-00C04F79EFBC}") = "WebAppGateway.Host", "WebAppGateway.Host\WebAppGateway.Host.csproj", "{C27EC872-685A-43E2-8E8E-1C4B05B0B004}"
EndProject
Global
	GlobalSection(SolutionConfigurationPlatforms) = preSolution
		Debug|Any CPU = Debug|Any CPU
		Release|Any CPU = Release|Any CPU
	EndGlobalSection
	GlobalSection(ProjectConfigurationPlatforms) = postSolution
		{C27EC872-685A-43E2-8E8E-1C4B05B0B004}.Debug|Any CPU.ActiveCfg = Debug|Any CPU
		{C27EC872-685A-43E2-8E8E-1C4B05B0B004}.Debug|Any CPU.Build.0 = Debug|Any CPU
		{C27EC872-685A-43E2-8E8E-1C4B05B0B004}.Release|Any CPU.ActiveCfg = Release|Any CPU
		{C27EC872-685A-43E2-8E8E-1C4B05B0B004}.Release|Any CPU.Build.0 = Release|Any CPU
	EndGlobalSection
	GlobalSection(SolutionProperties) = preSolution
		HideSolutionNode = FALSE
	EndGlobalSection
	GlobalSection(ExtensibilityGlobals) = postSolution
		SolutionGuid = {993A20BD-5184-407D-8874-270FC037FC57}
	EndGlobalSection
EndGlobal
