
Microsoft Visual Studio Solution File, Format Version 12.00
# Visual Studio Version 16
VisualStudioVersion = 16.0.31402.337
MinimumVisualStudioVersion = 10.0.40219.1
Project("{FAE04EC0-301F-11D3-BF4B-00C04F79EFBC}") = "Blazor.App.Web", "Blazor.App.Web\Blazor.App.Web.csproj", "{310E40B3-121A-4ABD-9757-330765125B12}"
EndProject
Project("{FAE04EC0-301F-11D3-BF4B-00C04F79EFBC}") = "Blazor.App", "Blazor.App\Blazor.App.csproj", "{F9FC74DF-0EFF-4D3D-B11A-7AB4E2717B22}"
EndProject
Global
	GlobalSection(SolutionConfigurationPlatforms) = preSolution
		Debug|Any CPU = Debug|Any CPU
		Release|Any CPU = Release|Any CPU
	EndGlobalSection
	GlobalSection(ProjectConfigurationPlatforms) = postSolution
		{310E40B3-121A-4ABD-9757-330765125B12}.Debug|Any CPU.ActiveCfg = Debug|Any CPU
		{310E40B3-121A-4ABD-9757-330765125B12}.Debug|Any CPU.Build.0 = Debug|Any CPU
		{310E40B3-121A-4ABD-9757-330765125B12}.Release|Any CPU.ActiveCfg = Release|Any CPU
		{310E40B3-121A-4ABD-9757-330765125B12}.Release|Any CPU.Build.0 = Release|Any CPU
		{F9FC74DF-0EFF-4D3D-B11A-7AB4E2717B22}.Debug|Any CPU.ActiveCfg = Debug|Any CPU
		{F9FC74DF-0EFF-4D3D-B11A-7AB4E2717B22}.Debug|Any CPU.Build.0 = Debug|Any CPU
		{F9FC74DF-0EFF-4D3D-B11A-7AB4E2717B22}.Release|Any CPU.ActiveCfg = Release|Any CPU
		{F9FC74DF-0EFF-4D3D-B11A-7AB4E2717B22}.Release|Any CPU.Build.0 = Release|Any CPU
	EndGlobalSection
	GlobalSection(SolutionProperties) = preSolution
		HideSolutionNode = FALSE
	EndGlobalSection
	GlobalSection(ExtensibilityGlobals) = postSolution
		SolutionGuid = {86C3726B-57BA-489A-9181-B28F36A9653B}
	EndGlobalSection
EndGlobal
