
Microsoft Visual Studio Solution File, Format Version 12.00
# Visual Studio Version 16
VisualStudioVersion = 16.0.29326.143
MinimumVisualStudioVersion = 10.0.40219.1
Project("{9A19103F-16F7-4668-BE54-9A1E7A4F7556}") = "Business.Host", "Business.Host\Business.Host.csproj", "{4137A783-77D1-4AEB-BDAF-966E23070D1D}"
EndProject
Project("{9A19103F-16F7-4668-BE54-9A1E7A4F7556}") = "Business.Domain", "Business.Domain\Business.Domain.csproj", "{7B839D13-DDCA-4D8E-9836-72336AF8B9EB}"
EndProject
Project("{9A19103F-16F7-4668-BE54-9A1E7A4F7556}") = "Business.Application.Contracts", "Business.Application.Contracts\Business.Application.Contracts.csproj", "{990F21A5-2493-4558-89D1-85CCB752EFC6}"
EndProject
Project("{9A19103F-16F7-4668-BE54-9A1E7A4F7556}") = "Business.Application", "Business.Application\Business.Application.csproj", "{F06160BF-9B1E-42CC-8576-99367956EFBF}"
EndProject
Project("{9A19103F-16F7-4668-BE54-9A1E7A4F7556}") = "Business.EntityFrameworkCore", "Business.EntityFrameworkCore\Business.EntityFrameworkCore.csproj", "{2BB91982-0335-4C9F-AF9D-13ED2BF5493F}"
EndProject
Project("{9A19103F-16F7-4668-BE54-9A1E7A4F7556}") = "Business.HttpApi", "Business.HttpApi\Business.HttpApi.csproj", "{B0E9236E-F636-4051-AB4A-D5CF5FFBCBF2}"
EndProject
Project("{9A19103F-16F7-4668-BE54-9A1E7A4F7556}") = "Business.HttpApi.Client", "Business.HttpApi.Client\Business.HttpApi.Client.csproj", "{06A26D1B-65D0-44BE-AECD-FF498CB1436D}"
EndProject
Project("{9A19103F-16F7-4668-BE54-9A1E7A4F7556}") = "Business.Core", "Business.Core\Business.Core.csproj", "{183A14B9-5316-4D18-95E8-AE17D1302AF0}"
EndProject
Global
	GlobalSection(SolutionConfigurationPlatforms) = preSolution
		Debug|Any CPU = Debug|Any CPU
		Release|Any CPU = Release|Any CPU
	EndGlobalSection
	GlobalSection(ProjectConfigurationPlatforms) = postSolution
		{4137A783-77D1-4AEB-BDAF-966E23070D1D}.Debug|Any CPU.ActiveCfg = Debug|Any CPU
		{4137A783-77D1-4AEB-BDAF-966E23070D1D}.Debug|Any CPU.Build.0 = Debug|Any CPU
		{4137A783-77D1-4AEB-BDAF-966E23070D1D}.Release|Any CPU.ActiveCfg = Release|Any CPU
		{4137A783-77D1-4AEB-BDAF-966E23070D1D}.Release|Any CPU.Build.0 = Release|Any CPU
		{7B839D13-DDCA-4D8E-9836-72336AF8B9EB}.Debug|Any CPU.ActiveCfg = Debug|Any CPU
		{7B839D13-DDCA-4D8E-9836-72336AF8B9EB}.Debug|Any CPU.Build.0 = Debug|Any CPU
		{7B839D13-DDCA-4D8E-9836-72336AF8B9EB}.Release|Any CPU.ActiveCfg = Release|Any CPU
		{7B839D13-DDCA-4D8E-9836-72336AF8B9EB}.Release|Any CPU.Build.0 = Release|Any CPU
		{990F21A5-2493-4558-89D1-85CCB752EFC6}.Debug|Any CPU.ActiveCfg = Debug|Any CPU
		{990F21A5-2493-4558-89D1-85CCB752EFC6}.Debug|Any CPU.Build.0 = Debug|Any CPU
		{990F21A5-2493-4558-89D1-85CCB752EFC6}.Release|Any CPU.ActiveCfg = Release|Any CPU
		{990F21A5-2493-4558-89D1-85CCB752EFC6}.Release|Any CPU.Build.0 = Release|Any CPU
		{F06160BF-9B1E-42CC-8576-99367956EFBF}.Debug|Any CPU.ActiveCfg = Debug|Any CPU
		{F06160BF-9B1E-42CC-8576-99367956EFBF}.Debug|Any CPU.Build.0 = Debug|Any CPU
		{F06160BF-9B1E-42CC-8576-99367956EFBF}.Release|Any CPU.ActiveCfg = Release|Any CPU
		{F06160BF-9B1E-42CC-8576-99367956EFBF}.Release|Any CPU.Build.0 = Release|Any CPU
		{2BB91982-0335-4C9F-AF9D-13ED2BF5493F}.Debug|Any CPU.ActiveCfg = Debug|Any CPU
		{2BB91982-0335-4C9F-AF9D-13ED2BF5493F}.Debug|Any CPU.Build.0 = Debug|Any CPU
		{2BB91982-0335-4C9F-AF9D-13ED2BF5493F}.Release|Any CPU.ActiveCfg = Release|Any CPU
		{2BB91982-0335-4C9F-AF9D-13ED2BF5493F}.Release|Any CPU.Build.0 = Release|Any CPU
		{B0E9236E-F636-4051-AB4A-D5CF5FFBCBF2}.Debug|Any CPU.ActiveCfg = Debug|Any CPU
		{B0E9236E-F636-4051-AB4A-D5CF5FFBCBF2}.Debug|Any CPU.Build.0 = Debug|Any CPU
		{B0E9236E-F636-4051-AB4A-D5CF5FFBCBF2}.Release|Any CPU.ActiveCfg = Release|Any CPU
		{B0E9236E-F636-4051-AB4A-D5CF5FFBCBF2}.Release|Any CPU.Build.0 = Release|Any CPU
		{06A26D1B-65D0-44BE-AECD-FF498CB1436D}.Debug|Any CPU.ActiveCfg = Debug|Any CPU
		{06A26D1B-65D0-44BE-AECD-FF498CB1436D}.Debug|Any CPU.Build.0 = Debug|Any CPU
		{06A26D1B-65D0-44BE-AECD-FF498CB1436D}.Release|Any CPU.ActiveCfg = Release|Any CPU
		{06A26D1B-65D0-44BE-AECD-FF498CB1436D}.Release|Any CPU.Build.0 = Release|Any CPU
		{183A14B9-5316-4D18-95E8-AE17D1302AF0}.Debug|Any CPU.ActiveCfg = Debug|Any CPU
		{183A14B9-5316-4D18-95E8-AE17D1302AF0}.Debug|Any CPU.Build.0 = Debug|Any CPU
		{183A14B9-5316-4D18-95E8-AE17D1302AF0}.Release|Any CPU.ActiveCfg = Release|Any CPU
		{183A14B9-5316-4D18-95E8-AE17D1302AF0}.Release|Any CPU.Build.0 = Release|Any CPU
	EndGlobalSection
	GlobalSection(SolutionProperties) = preSolution
		HideSolutionNode = FALSE
	EndGlobalSection
	GlobalSection(ExtensibilityGlobals) = postSolution
		SolutionGuid = {2E43F5D5-31CD-4424-A538-4C716E71D9AF}
	EndGlobalSection
EndGlobal
