
Microsoft Visual Studio Solution File, Format Version 12.00
# Visual Studio Version 16
VisualStudioVersion = 16.0.29326.143
MinimumVisualStudioVersion = 10.0.40219.1
Project("{FAE04EC0-301F-11D3-BF4B-00C04F79EFBC}") = "TenantService.Host", "TenantService.Host.csproj", "{6E43B0CD-7F00-4F21-B7B8-2A72646E7005}"
EndProject
Global
	GlobalSection(SolutionConfigurationPlatforms) = preSolution
		Debug|Any CPU = Debug|Any CPU
		Release|Any CPU = Release|Any CPU
	EndGlobalSection
	GlobalSection(ProjectConfigurationPlatforms) = postSolution
		{6E43B0CD-7F00-4F21-B7B8-2A72646E7005}.Debug|Any CPU.ActiveCfg = Debug|Any CPU
		{6E43B0CD-7F00-4F21-B7B8-2A72646E7005}.Debug|Any CPU.Build.0 = Debug|Any CPU
		{6E43B0CD-7F00-4F21-B7B8-2A72646E7005}.Release|Any CPU.ActiveCfg = Release|Any CPU
		{6E43B0CD-7F00-4F21-B7B8-2A72646E7005}.Release|Any CPU.Build.0 = Release|Any CPU
	EndGlobalSection
	GlobalSection(SolutionProperties) = preSolution
		HideSolutionNode = FALSE
	EndGlobalSection
	GlobalSection(ExtensibilityGlobals) = postSolution
		SolutionGuid = {DFDBFACF-FE15-4BD6-8ECB-B8999CDF5CE2}
	EndGlobalSection
EndGlobal
